// !$*UTF8*$!
{
	archiveVersion = 1;
	classes = {
	};
	objectVersion = 50;
	objects = {

/* Begin PBXBuildFile section */
		1F51C15F208970EA0049D246 /* AppDelegate.swift in Sources */ = {isa = PBXBuildFile; fileRef = 1F51C15E208970EA0049D246 /* AppDelegate.swift */; };
		1F51C161208970EA0049D246 /* ViewController.swift in Sources */ = {isa = PBXBuildFile; fileRef = 1F51C160208970EA0049D246 /* ViewController.swift */; };
		1F51C164208970EA0049D246 /* Main.storyboard in Resources */ = {isa = PBXBuildFile; fileRef = 1F51C162208970EA0049D246 /* Main.storyboard */; };
		1F51C166208970EB0049D246 /* Assets.xcassets in Resources */ = {isa = PBXBuildFile; fileRef = 1F51C165208970EB0049D246 /* Assets.xcassets */; };
		1F51C169208970EB0049D246 /* LaunchScreen.storyboard in Resources */ = {isa = PBXBuildFile; fileRef = 1F51C167208970EB0049D246 /* LaunchScreen.storyboard */; };
		1F51C173208971440049D246 /* PieSliceLayer.swift in Sources */ = {isa = PBXBuildFile; fileRef = 1F51C172208971440049D246 /* PieSliceLayer.swift */; };
		1F51C17520897B490049D246 /* PieChartView.swift in Sources */ = {isa = PBXBuildFile; fileRef = 1F51C17420897B490049D246 /* PieChartView.swift */; };
/* End PBXBuildFile section */

/* Begin PBXFileReference section */
		1F51C15B208970EA0049D246 /* SwiftPieChart.app */ = {isa = PBXFileReference; explicitFileType = wrapper.application; includeInIndex = 0; path = SwiftPieChart.app; sourceTree = BUILT_PRODUCTS_DIR; };
		1F51C15E208970EA0049D246 /* AppDelegate.swift */ = {isa = PBXFileReference; lastKnownFileType = sourcecode.swift; path = AppDelegate.swift; sourceTree = "<group>"; };
		1F51C160208970EA0049D246 /* ViewController.swift */ = {isa = PBXFileReference; lastKnownFileType = sourcecode.swift; path = ViewController.swift; sourceTree = "<group>"; };
		1F51C163208970EA0049D246 /* Base */ = {isa = PBXFileReference; lastKnownFileType = file.storyboard; name = Base; path = Base.lproj/Main.storyboard; sourceTree = "<group>"; };
		1F51C165208970EB0049D246 /* Assets.xcassets */ = {isa = PBXFileReference; lastKnownFileType = folder.assetcatalog; path = Assets.xcassets; sourceTree = "<group>"; };
		1F51C168208970EB0049D246 /* Base */ = {isa = PBXFileReference; lastKnownFileType = file.storyboard; name = Base; path = Base.lproj/LaunchScreen.storyboard; sourceTree = "<group>"; };
		1F51C16A208970EB0049D246 /* Info.plist */ = {isa = PBXFileReference; lastKnownFileType = text.plist.xml; path = Info.plist; sourceTree = "<group>"; };
		1F51C172208971440049D246 /* PieSliceLayer.swift */ = {isa = PBXFileReference; lastKnownFileType = sourcecode.swift; path = PieSliceLayer.swift; sourceTree = "<group>"; };
		1F51C17420897B490049D246 /* PieChartView.swift */ = {isa = PBXFileReference; lastKnownFileType = sourcecode.swift; path = PieChartView.swift; sourceTree = "<group>"; };
/* End PBXFileReference section */

/* Begin PBXFrameworksBuildPhase section */
		1F51C158208970EA0049D246 /* Frameworks */ = {
			isa = PBXFrameworksBuildPhase;
			buildActionMask = 2147483647;
			files = (
			);
			runOnlyForDeploymentPostprocessing = 0;
		};
/* End PBXFrameworksBuildPhase section */

/* Begin PBXGroup section */
		1F51C152208970EA0049D246 = {
			isa = PBXGroup;
			children = (
				1F51C15D208970EA0049D246 /* SwiftPieChart */,
				1F51C15C208970EA0049D246 /* Products */,
			);
			sourceTree = "<group>";
		};
		1F51C15C208970EA0049D246 /* Products */ = {
			isa = PBXGroup;
			children = (
				1F51C15B208970EA0049D246 /* SwiftPieChart.app */,
			);
			name = Products;
			sourceTree = "<group>";
		};
		1F51C15D208970EA0049D246 /* SwiftPieChart */ = {
			isa = PBXGroup;
			children = (
				1F51C15E208970EA0049D246 /* AppDelegate.swift */,
				1F51C160208970EA0049D246 /* ViewController.swift */,
				1F51C1712089710C0049D246 /* Pie_Chart */,
				1F51C162208970EA0049D246 /* Main.storyboard */,
				1F51C165208970EB0049D246 /* Assets.xcassets */,
				1F51C167208970EB0049D246 /* LaunchScreen.storyboard */,
				1F51C16A208970EB0049D246 /* Info.plist */,
			);
			path = SwiftPieChart;
			sourceTree = "<group>";
		};
		1F51C1712089710C0049D246 /* Pie_Chart */ = {
			isa = PBXGroup;
			children = (
				1F51C172208971440049D246 /* PieSliceLayer.swift */,
				1F51C17420897B490049D246 /* PieChartView.swift */,
			);
			path = Pie_Chart;
			sourceTree = "<group>";
		};
/* End PBXGroup section */

/* Begin PBXNativeTarget section */
		1F51C15A208970EA0049D246 /* SwiftPieChart */ = {
			isa = PBXNativeTarget;
			buildConfigurationList = 1F51C16D208970EB0049D246 /* Build configuration list for PBXNativeTarget "SwiftPieChart" */;
			buildPhases = (
				1F51C157208970EA0049D246 /* Sources */,
				1F51C158208970EA0049D246 /* Frameworks */,
				1F51C159208970EA0049D246 /* Resources */,
			);
			buildRules = (
			);
			dependencies = (
			);
			name = SwiftPieChart;
			productName = SwiftPieChart;
			productReference = 1F51C15B208970EA0049D246 /* SwiftPieChart.app */;
			productType = "com.apple.product-type.application";
		};
/* End PBXNativeTarget section */

/* Begin PBXProject section */
		1F51C153208970EA0049D246 /* Project object */ = {
			isa = PBXProject;
			attributes = {
				LastSwiftUpdateCheck = 0930;
				LastUpgradeCheck = 0930;
				ORGANIZATIONNAME = "Nicolás Miari";
				TargetAttributes = {
					1F51C15A208970EA0049D246 = {
						CreatedOnToolsVersion = 9.3;
					};
				};
			};
			buildConfigurationList = 1F51C156208970EA0049D246 /* Build configuration list for PBXProject "SwiftPieChart" */;
			compatibilityVersion = "Xcode 9.3";
			developmentRegion = en;
			hasScannedForEncodings = 0;
			knownRegions = (
				en,
				Base,
			);
			mainGroup = 1F51C152208970EA0049D246;
			productRefGroup = 1F51C15C208970EA0049D246 /* Products */;
			projectDirPath = "";
			projectRoot = "";
			targets = (
				1F51C15A208970EA0049D246 /* SwiftPieChart */,
			);
		};
/* End PBXProject section */

/* Begin PBXResourcesBuildPhase section */
		1F51C159208970EA0049D246 /* Resources */ = {
			isa = PBXResourcesBuildPhase;
			buildActionMask = 2147483647;
			files = (
				1F51C169208970EB0049D246 /* LaunchScreen.storyboard in Resources */,
				1F51C166208970EB0049D246 /* Assets.xcassets in Resources */,
				1F51C164208970EA0049D246 /* Main.storyboard in Resources */,
			);
			runOnlyForDeploymentPostprocessing = 0;
		};
/* End PBXResourcesBuildPhase section */

/* Begin PBXSourcesBuildPhase section */
		1F51C157208970EA0049D246 /* Sources */ = {
			isa = PBXSourcesBuildPhase;
			buildActionMask = 2147483647;
			files = (
				1F51C17520897B490049D246 /* PieChartView.swift in Sources */,
				1F51C161208970EA0049D246 /* ViewController.swift in Sources */,
				1F51C173208971440049D246 /* PieSliceLayer.swift in Sources */,
				1F51C15F208970EA0049D246 /* AppDelegate.swift in Sources */,
			);
			runOnlyForDeploymentPostprocessing = 0;
		};
/* End PBXSourcesBuildPhase section */

/* Begin PBXVariantGroup section */
		1F51C162208970EA0049D246 /* Main.storyboard */ = {
			isa = PBXVariantGroup;
			children = (
				1F51C163208970EA0049D246 /* Base */,
			);
			name = Main.storyboard;
			sourceTree = "<group>";
		};
		1F51C167208970EB0049D246 /* LaunchScreen.storyboard */ = {
			isa = PBXVariantGroup;
			children = (
				1F51C168208970EB0049D246 /* Base */,
			);
			name = LaunchScreen.storyboard;
			sourceTree = "<group>";
		};
/* End PBXVariantGroup section */

/* Begin XCBuildConfiguration section */
		1F51C16B208970EB0049D246 /* Debug */ = {
			isa = XCBuildConfiguration;
			buildSettings = {
				ALWAYS_SEARCH_USER_PATHS = NO;
				CLANG_ANALYZER_NONNULL = YES;
				CLANG_ANALYZER_NUMBER_OBJECT_CONVERSION = YES_AGGRESSIVE;
				CLANG_CXX_LANGUAGE_STANDARD = "gnu++14";
				CLANG_CXX_LIBRARY = "libc++";
				CLANG_ENABLE_MODULES = YES;
				CLANG_ENABLE_OBJC_ARC = YES;
				CLANG_ENABLE_OBJC_WEAK = YES;
				CLANG_WARN_BLOCK_CAPTURE_AUTORELEASING = YES;
				CLANG_WARN_BOOL_CONVERSION = YES;
				CLANG_WARN_COMMA = YES;
				CLANG_WARN_CONSTANT_CONVERSION = YES;
				CLANG_WARN_DEPRECATED_OBJC_IMPLEMENTATIONS = YES;
				CLANG_WARN_DIRECT_OBJC_ISA_USAGE = YES_ERROR;
				CLANG_WARN_DOCUMENTATION_COMMENTS = YES;
				CLANG_WARN_EMPTY_BODY = YES;
				CLANG_WARN_ENUM_CONVERSION = YES;
				CLANG_WARN_INFINITE_RECURSION = YES;
				CLANG_WARN_INT_CONVERSION = YES;
				CLANG_WARN_NON_LITERAL_NULL_CONVERSION = YES;
				CLANG_WARN_OBJC_IMPLICIT_RETAIN_SELF = YES;
				CLANG_WARN_OBJC_LITERAL_CONVERSION = YES;
				CLANG_WARN_OBJC_ROOT_CLASS = YES_ERROR;
				CLANG_WARN_RANGE_LOOP_ANALYSIS = YES;
				CLANG_WARN_STRICT_PROTOTYPES = YES;
				CLANG_WARN_SUSPICIOUS_MOVE = YES;
				CLANG_WARN_UNGUARDED_AVAILABILITY = YES_AGGRESSIVE;
				CLANG_WARN_UNREACHABLE_CODE = YES;
				CLANG_WARN__DUPLICATE_METHOD_MATCH = YES;
				CODE_SIGN_IDENTITY = "iPhone Developer";
				COPY_PHASE_STRIP = NO;
				DEBUG_INFORMATION_FORMAT = dwarf;
				ENABLE_STRICT_OBJC_MSGSEND = YES;
				ENABLE_TESTABILITY = YES;
				GCC_C_LANGUAGE_STANDARD = gnu11;
				GCC_DYNAMIC_NO_PIC = NO;
				GCC_NO_COMMON_BLOCKS = YES;
				GCC_OPTIMIZATION_LEVEL = 0;
				GCC_PREPROCESSOR_DEFINITIONS = (
					"DEBUG=1",
					"$(inherited)",
				);
				GCC_WARN_64_TO_32_BIT_CONVERSION = YES;
				GCC_WARN_ABOUT_RETURN_TYPE = YES_ERROR;
				GCC_WARN_UNDECLARED_SELECTOR = YES;
				GCC_WARN_UNINITIALIZED_AUTOS = YES_AGGRESSIVE;
				GCC_WARN_UNUSED_FUNCTION = YES;
				GCC_WARN_UNUSED_VARIABLE = YES;
				IPHONEOS_DEPLOYMENT_TARGET = 11.3;
				MTL_ENABLE_DEBUG_INFO = YES;
				ONLY_ACTIVE_ARCH = YES;
				SDKROOT = iphoneos;
				SWIFT_ACTIVE_COMPILATION_CONDITIONS = DEBUG;
				SWIFT_OPTIMIZATION_LEVEL = "-Onone";
			};
			name = Debug;
		};
		1F51C16C208970EB0049D246 /* Release */ = {
			isa = XCBuildConfiguration;
			buildSettings = {
				ALWAYS_SEARCH_USER_PATHS = NO;
				CLANG_ANALYZER_NONNULL = YES;
				CLANG_ANALYZER_NUMBER_OBJECT_CONVERSION = YES_AGGRESSIVE;
				CLANG_CXX_LANGUAGE_STANDARD = "gnu++14";
				CLANG_CXX_LIBRARY = "libc++";
				CLANG_ENABLE_MODULES = YES;
				CLANG_ENABLE_OBJC_ARC = YES;
				CLANG_ENABLE_OBJC_WEAK = YES;
				CLANG_WARN_BLOCK_CAPTURE_AUTORELEASING = YES;
				CLANG_WARN_BOOL_CONVERSION = YES;
				CLANG_WARN_COMMA = YES;
				CLANG_WARN_CONSTANT_CONVERSION = YES;
				CLANG_WARN_DEPRECATED_OBJC_IMPLEMENTATIONS = YES;
				CLANG_WARN_DIRECT_OBJC_ISA_USAGE = YES_ERROR;
				CLANG_WARN_DOCUMENTATION_COMMENTS = YES;
				CLANG_WARN_EMPTY_BODY = YES;
				CLANG_WARN_ENUM_CONVERSION = YES;
				CLANG_WARN_INFINITE_RECURSION = YES;
				CLANG_WARN_INT_CONVERSION = YES;
				CLANG_WARN_NON_LITERAL_NULL_CONVERSION = YES;
				CLANG_WARN_OBJC_IMPLICIT_RETAIN_SELF = YES;
				CLANG_WARN_OBJC_LITERAL_CONVERSION = YES;
				CLANG_WARN_OBJC_ROOT_CLASS = YES_ERROR;
				CLANG_WARN_RANGE_LOOP_ANALYSIS = YES;
				CLANG_WARN_STRICT_PROTOTYPES = YES;
				CLANG_WARN_SUSPICIOUS_MOVE = YES;
				CLANG_WARN_UNGUARDED_AVAILABILITY = YES_AGGRESSIVE;
				CLANG_WARN_UNREACHABLE_CODE = YES;
				CLANG_WARN__DUPLICATE_METHOD_MATCH = YES;
				CODE_SIGN_IDENTITY = "iPhone Developer";
				COPY_PHASE_STRIP = NO;
				DEBUG_INFORMATION_FORMAT = "dwarf-with-dsym";
				ENABLE_NS_ASSERTIONS = NO;
				ENABLE_STRICT_OBJC_MSGSEND = YES;
				GCC_C_LANGUAGE_STANDARD = gnu11;
				GCC_NO_COMMON_BLOCKS = YES;
				GCC_WARN_64_TO_32_BIT_CONVERSION = YES;
				GCC_WARN_ABOUT_RETURN_TYPE = YES_ERROR;
				GCC_WARN_UNDECLARED_SELECTOR = YES;
				GCC_WARN_UNINITIALIZED_AUTOS = YES_AGGRESSIVE;
				GCC_WARN_UNUSED_FUNCTION = YES;
				GCC_WARN_UNUSED_VARIABLE = YES;
				IPHONEOS_DEPLOYMENT_TARGET = 11.3;
				MTL_ENABLE_DEBUG_INFO = NO;
				SDKROOT = iphoneos;
				SWIFT_COMPILATION_MODE = wholemodule;
				SWIFT_OPTIMIZATION_LEVEL = "-O";
				VALIDATE_PRODUCT = YES;
			};
			name = Release;
		};
		1F51C16E208970EB0049D246 /* Debug */ = {
			isa = XCBuildConfiguration;
			buildSettings = {
				ASSETCATALOG_COMPILER_APPICON_NAME = AppIcon;
				CODE_SIGN_STYLE = Automatic;
				DEVELOPMENT_TEAM = D2D4S4F85R;
				INFOPLIST_FILE = SwiftPieChart/Info.plist;
				LD_RUNPATH_SEARCH_PATHS = (
					"$(inherited)",
					"@executable_path/Frameworks",
				);
				PRODUCT_BUNDLE_IDENTIFIER = com.nicolasmiari.SwiftPieChart;
				PRODUCT_NAME = "$(TARGET_NAME)";
				SWIFT_VERSION = 4.0;
				TARGETED_DEVICE_FAMILY = "1,2";
			};
			name = Debug;
		};
		1F51C16F208970EB0049D246 /* Release */ = {
			isa = XCBuildConfiguration;
			buildSettings = {
				ASSETCATALOG_COMPILER_APPICON_NAME = AppIcon;
				CODE_SIGN_STYLE = Automatic;
				DEVELOPMENT_TEAM = D2D4S4F85R;
				INFOPLIST_FILE = SwiftPieChart/Info.plist;
				LD_RUNPATH_SEARCH_PATHS = (
					"$(inherited)",
					"@executable_path/Frameworks",
				);
				PRODUCT_BUNDLE_IDENTIFIER = com.nicolasmiari.SwiftPieChart;
				PRODUCT_NAME = "$(TARGET_NAME)";
				SWIFT_VERSION = 4.0;
				TARGETED_DEVICE_FAMILY = "1,2";
			};
			name = Release;
		};
/* End XCBuildConfiguration section */

/* Begin XCConfigurationList section */
		1F51C156208970EA0049D246 /* Build configuration list for PBXProject "SwiftPieChart" */ = {
			isa = XCConfigurationList;
			buildConfigurations = (
				1F51C16B208970EB0049D246 /* Debug */,
				1F51C16C208970EB0049D246 /* Release */,
			);
			defaultConfigurationIsVisible = 0;
			defaultConfigurationName = Release;
		};
		1F51C16D208970EB0049D246 /* Build configuration list for PBXNativeTarget "SwiftPieChart" */ = {
			isa = XCConfigurationList;
			buildConfigurations = (
				1F51C16E208970EB0049D246 /* Debug */,
				1F51C16F208970EB0049D246 /* Release */,
			);
			defaultConfigurationIsVisible = 0;
			defaultConfigurationName = Release;
		};
/* End XCConfigurationList section */
	};
	rootObject = 1F51C153208970EA0049D246 /* Project object */;
}
